{
  "name": "Node_Basics",
  "lockfileVersion": 2,
  "requires": true,
  "packages": {
    "": {
      "dependencies": {
        "alam-ursa--first-module": "^0.0.1"
      }
    },
    "node_modules/alam-ursa--first-module": {
      "version": "0.0.1",
      "resolved": "https://registry.npmjs.org/alam-ursa--first-module/-/alam-ursa--first-module-0.0.1.tgz",
      "integrity": "sha512-SLEUBKt0GFl2vRCln/9vSI3hgiu3FEBIZihttfHV1dwXfo98Fz8YaNQny1sucHoGECT5tCcxaS9BtaMw6o/N/A=="
    }
  },
  "dependencies": {
    "alam-ursa--first-module": {
      "version": "0.0.1",
      "resolved": "https://registry.npmjs.org/alam-ursa--first-module/-/alam-ursa--first-module-0.0.1.tgz",
      "integrity": "sha512-SLEUBKt0GFl2vRCln/9vSI3hgiu3FEBIZihttfHV1dwXfo98Fz8YaNQny1sucHoGECT5tCcxaS9BtaMw6o/N/A=="
    }
  }
}
